// !$*UTF8*$!
{
	archiveVersion = 1;
	classes = {
	};
	objectVersion = 46;
	objects = {

/* Begin PBXBuildFile section */
		1B8704F81C926073009DF088 /* main.m in Sources */ = {isa = PBXBuildFile; fileRef = 1B8704F71C926073009DF088 /* main.m */; };
		1B8704FB1C926074009DF088 /* AppDelegate.m in Sources */ = {isa = PBXBuildFile; fileRef = 1B8704FA1C926074009DF088 /* AppDelegate.m */; };
		1B8704FE1C926074009DF088 /* ViewController.m in Sources */ = {isa = PBXBuildFile; fileRef = 1B8704FD1C926074009DF088 /* ViewController.m */; };
		1B8705011C926074009DF088 /* Main.storyboard in Resources */ = {isa = PBXBuildFile; fileRef = 1B8704FF1C926074009DF088 /* Main.storyboard */; };
		1B8705031C926074009DF088 /* Assets.xcassets in Resources */ = {isa = PBXBuildFile; fileRef = 1B8705021C926074009DF088 /* Assets.xcassets */; };
		1B8705061C926074009DF088 /* LaunchScreen.storyboard in Resources */ = {isa = PBXBuildFile; fileRef = 1B8705041C926074009DF088 /* LaunchScreen.storyboard */; };
		1B8705111C926074009DF088 /* svn__Tests.m in Sources */ = {isa = PBXBuildFile; fileRef = 1B8705101C926074009DF088 /* svn__Tests.m */; };
		1B87051C1C926074009DF088 /* svn__UITests.m in Sources */ = {isa = PBXBuildFile; fileRef = 1B87051B1C926074009DF088 /* svn__UITests.m */; };
/* End PBXBuildFile section */

/* Begin PBXContainerItemProxy section */
		1B87050D1C926074009DF088 /* PBXContainerItemProxy */ = {
			isa = PBXContainerItemProxy;
			containerPortal = 1B8704EB1C926073009DF088 /* Project object */;
			proxyType = 1;
			remoteGlobalIDString = 1B8704F21C926073009DF088;
			remoteInfo = "svn测试";
		};
		1B8705181C926074009DF088 /* PBXContainerItemProxy */ = {
			isa = PBXContainerItemProxy;
			containerPortal = 1B8704EB1C926073009DF088 /* Project object */;
			proxyType = 1;
			remoteGlobalIDString = 1B8704F21C926073009DF088;
			remoteInfo = "svn测试";
		};
/* End PBXContainerItemProxy section */

/* Begin PBXFileReference section */
		1B8704F31C926073009DF088 /* svn测试.app */ = {isa = PBXFileReference; explicitFileType = wrapper.application; includeInIndex = 0; path = "svn测试.app"; sourceTree = BUILT_PRODUCTS_DIR; };
		1B8704F71C926073009DF088 /* main.m */ = {isa = PBXFileReference; lastKnownFileType = sourcecode.c.objc; path = main.m; sourceTree = "<group>"; };
		1B8704F91C926073009DF088 /* AppDelegate.h */ = {isa = PBXFileReference; lastKnownFileType = sourcecode.c.h; path = AppDelegate.h; sourceTree = "<group>"; };
		1B8704FA1C926074009DF088 /* AppDelegate.m */ = {isa = PBXFileReference; lastKnownFileType = sourcecode.c.objc; path = AppDelegate.m; sourceTree = "<group>"; };
		1B8704FC1C926074009DF088 /* ViewController.h */ = {isa = PBXFileReference; lastKnownFileType = sourcecode.c.h; path = ViewController.h; sourceTree = "<group>"; };
		1B8704FD1C926074009DF088 /* ViewController.m */ = {isa = PBXFileReference; lastKnownFileType = sourcecode.c.objc; path = ViewController.m; sourceTree = "<group>"; };
		1B8705001C926074009DF088 /* Base */ = {isa = PBXFileReference; lastKnownFileType = file.storyboard; name = Base; path = Base.lproj/Main.storyboard; sourceTree = "<group>"; };
		1B8705021C926074009DF088 /* Assets.xcassets */ = {isa = PBXFileReference; lastKnownFileType = folder.assetcatalog; path = Assets.xcassets; sourceTree = "<group>"; };
		1B8705051C926074009DF088 /* Base */ = {isa = PBXFileReference; lastKnownFileType = file.storyboard; name = Base; path = Base.lproj/LaunchScreen.storyboard; sourceTree = "<group>"; };
		1B8705071C926074009DF088 /* Info.plist */ = {isa = PBXFileReference; lastKnownFileType = text.plist.xml; path = Info.plist; sourceTree = "<group>"; };
		1B87050C1C926074009DF088 /* svn测试Tests.xctest */ = {isa = PBXFileReference; explicitFileType = wrapper.cfbundle; includeInIndex = 0; path = "svn测试Tests.xctest"; sourceTree = BUILT_PRODUCTS_DIR; };
		1B8705101C926074009DF088 /* svn__Tests.m */ = {isa = PBXFileReference; lastKnownFileType = sourcecode.c.objc; path = svn__Tests.m; sourceTree = "<group>"; };
		1B8705121C926074009DF088 /* Info.plist */ = {isa = PBXFileReference; lastKnownFileType = text.plist.xml; path = Info.plist; sourceTree = "<group>"; };
		1B8705171C926074009DF088 /* svn测试UITests.xctest */ = {isa = PBXFileReference; explicitFileType = wrapper.cfbundle; includeInIndex = 0; path = "svn测试UITests.xctest"; sourceTree = BUILT_PRODUCTS_DIR; };
		1B87051B1C926074009DF088 /* svn__UITests.m */ = {isa = PBXFileReference; lastKnownFileType = sourcecode.c.objc; path = svn__UITests.m; sourceTree = "<group>"; };
		1B87051D1C926074009DF088 /* Info.plist */ = {isa = PBXFileReference; lastKnownFileType = text.plist.xml; path = Info.plist; sourceTree = "<group>"; };
/* End PBXFileReference section */

/* Begin PBXFrameworksBuildPhase section */
		1B8704F01C926073009DF088 /* Frameworks */ = {
			isa = PBXFrameworksBuildPhase;
			buildActionMask = 2147483647;
			files = (
			);
			runOnlyForDeploymentPostprocessing = 0;
		};
		1B8705091C926074009DF088 /* Frameworks */ = {
			isa = PBXFrameworksBuildPhase;
			buildActionMask = 2147483647;
			files = (
			);
			runOnlyForDeploymentPostprocessing = 0;
		};
		1B8705141C926074009DF088 /* Frameworks */ = {
			isa = PBXFrameworksBuildPhase;
			buildActionMask = 2147483647;
			files = (
			);
			runOnlyForDeploymentPostprocessing = 0;
		};
/* End PBXFrameworksBuildPhase section */

/* Begin PBXGroup section */
		1B8704EA1C926073009DF088 = {
			isa = PBXGroup;
			children = (
				1B8704F51C926073009DF088 /* svn测试 */,
				1B87050F1C926074009DF088 /* svn测试Tests */,
				1B87051A1C926074009DF088 /* svn测试UITests */,
				1B8704F41C926073009DF088 /* Products */,
			);
			sourceTree = "<group>";
		};
		1B8704F41C926073009DF088 /* Products */ = {
			isa = PBXGroup;
			children = (
				1B8704F31C926073009DF088 /* svn测试.app */,
				1B87050C1C926074009DF088 /* svn测试Tests.xctest */,
				1B8705171C926074009DF088 /* svn测试UITests.xctest */,
			);
			name = Products;
			sourceTree = "<group>";
		};
		1B8704F51C926073009DF088 /* svn测试 */ = {
			isa = PBXGroup;
			children = (
				1B8704F91C926073009DF088 /* AppDelegate.h */,
				1B8704FA1C926074009DF088 /* AppDelegate.m */,
				1B8704FC1C926074009DF088 /* ViewController.h */,
				1B8704FD1C926074009DF088 /* ViewController.m */,
				1B8704FF1C926074009DF088 /* Main.storyboard */,
				1B8705021C926074009DF088 /* Assets.xcassets */,
				1B8705041C926074009DF088 /* LaunchScreen.storyboard */,
				1B8705071C926074009DF088 /* Info.plist */,
				1B8704F61C926073009DF088 /* Supporting Files */,
			);
			path = "svn测试";
			sourceTree = "<group>";
		};
		1B8704F61C926073009DF088 /* Supporting Files */ = {
			isa = PBXGroup;
			children = (
				1B8704F71C926073009DF088 /* main.m */,
			);
			name = "Supporting Files";
			sourceTree = "<group>";
		};
		1B87050F1C926074009DF088 /* svn测试Tests */ = {
			isa = PBXGroup;
			children = (
				1B8705101C926074009DF088 /* svn__Tests.m */,
				1B8705121C926074009DF088 /* Info.plist */,
			);
			path = "svn测试Tests";
			sourceTree = "<group>";
		};
		1B87051A1C926074009DF088 /* svn测试UITests */ = {
			isa = PBXGroup;
			children = (
				1B87051B1C926074009DF088 /* svn__UITests.m */,
				1B87051D1C926074009DF088 /* Info.plist */,
			);
			path = "svn测试UITests";
			sourceTree = "<group>";
		};
/* End PBXGroup section */

/* Begin PBXNativeTarget section */
		1B8704F21C926073009DF088 /* svn测试 */ = {
			isa = PBXNativeTarget;
			buildConfigurationList = 1B8705201C926074009DF088 /* Build configuration list for PBXNativeTarget "svn测试" */;
			buildPhases = (
				1B8704EF1C926073009DF088 /* Sources */,
				1B8704F01C926073009DF088 /* Frameworks */,
				1B8704F11C926073009DF088 /* Resources */,
			);
			buildRules = (
			);
			dependencies = (
			);
			name = "svn测试";
			productName = "svn测试";
			productReference = 1B8704F31C926073009DF088 /* svn测试.app */;
			productType = "com.apple.product-type.application";
		};
		1B87050B1C926074009DF088 /* svn测试Tests */ = {
			isa = PBXNativeTarget;
			buildConfigurationList = 1B8705231C926074009DF088 /* Build configuration list for PBXNativeTarget "svn测试Tests" */;
			buildPhases = (
				1B8705081C926074009DF088 /* Sources */,
				1B8705091C926074009DF088 /* Frameworks */,
				1B87050A1C926074009DF088 /* Resources */,
			);
			buildRules = (
			);
			dependencies = (
				1B87050E1C926074009DF088 /* PBXTargetDependency */,
			);
			name = "svn测试Tests";
			productName = "svn测试Tests";
			productReference = 1B87050C1C926074009DF088 /* svn测试Tests.xctest */;
			productType = "com.apple.product-type.bundle.unit-test";
		};
		1B8705161C926074009DF088 /* svn测试UITests */ = {
			isa = PBXNativeTarget;
			buildConfigurationList = 1B8705261C926074009DF088 /* Build configuration list for PBXNativeTarget "svn测试UITests" */;
			buildPhases = (
				1B8705131C926074009DF088 /* Sources */,
				1B8705141C926074009DF088 /* Frameworks */,
				1B8705151C926074009DF088 /* Resources */,
			);
			buildRules = (
			);
			dependencies = (
				1B8705191C926074009DF088 /* PBXTargetDependency */,
			);
			name = "svn测试UITests";
			productName = "svn测试UITests";
			productReference = 1B8705171C926074009DF088 /* svn测试UITests.xctest */;
			productType = "com.apple.product-type.bundle.ui-testing";
		};
/* End PBXNativeTarget section */

/* Begin PBXProject section */
		1B8704EB1C926073009DF088 /* Project object */ = {
			isa = PBXProject;
			attributes = {
				LastUpgradeCheck = 0700;
				ORGANIZATIONNAME = "千锋";
				TargetAttributes = {
					1B8704F21C926073009DF088 = {
						CreatedOnToolsVersion = 7.0.1;
						DevelopmentTeam = L97JWA88RU;
					};
					1B87050B1C926074009DF088 = {
						CreatedOnToolsVersion = 7.0.1;
						DevelopmentTeam = L97JWA88RU;
						TestTargetID = 1B8704F21C926073009DF088;
					};
					1B8705161C926074009DF088 = {
						CreatedOnToolsVersion = 7.0.1;
						DevelopmentTeam = L97JWA88RU;
						TestTargetID = 1B8704F21C926073009DF088;
					};
				};
			};
			buildConfigurationList = 1B8704EE1C926073009DF088 /* Build configuration list for PBXProject "svn测试" */;
			compatibilityVersion = "Xcode 3.2";
			developmentRegion = English;
			hasScannedForEncodings = 0;
			knownRegions = (
				en,
				Base,
			);
			mainGroup = 1B8704EA1C926073009DF088;
			productRefGroup = 1B8704F41C926073009DF088 /* Products */;
			projectDirPath = "";
			projectRoot = "";
			targets = (
				1B8704F21C926073009DF088 /* svn测试 */,
				1B87050B1C926074009DF088 /* svn测试Tests */,
				1B8705161C926074009DF088 /* svn测试UITests */,
			);
		};
/* End PBXProject section */

/* Begin PBXResourcesBuildPhase section */
		1B8704F11C926073009DF088 /* Resources */ = {
			isa = PBXResourcesBuildPhase;
			buildActionMask = 2147483647;
			files = (
				1B8705061C926074009DF088 /* LaunchScreen.storyboard in Resources */,
				1B8705031C926074009DF088 /* Assets.xcassets in Resources */,
				1B8705011C926074009DF088 /* Main.storyboard in Resources */,
			);
			runOnlyForDeploymentPostprocessing = 0;
		};
		1B87050A1C926074009DF088 /* Resources */ = {
			isa = PBXResourcesBuildPhase;
			buildActionMask = 2147483647;
			files = (
			);
			runOnlyForDeploymentPostprocessing = 0;
		};
		1B8705151C926074009DF088 /* Resources */ = {
			isa = PBXResourcesBuildPhase;
			buildActionMask = 2147483647;
			files = (
			);
			runOnlyForDeploymentPostprocessing = 0;
		};
/* End PBXResourcesBuildPhase section */

/* Begin PBXSourcesBuildPhase section */
		1B8704EF1C926073009DF088 /* Sources */ = {
			isa = PBXSourcesBuildPhase;
			buildActionMask = 2147483647;
			files = (
				1B8704FE1C926074009DF088 /* ViewController.m in Sources */,
				1B8704FB1C926074009DF088 /* AppDelegate.m in Sources */,
				1B8704F81C926073009DF088 /* main.m in Sources */,
			);
			runOnlyForDeploymentPostprocessing = 0;
		};
		1B8705081C926074009DF088 /* Sources */ = {
			isa = PBXSourcesBuildPhase;
			buildActionMask = 2147483647;
			files = (
				1B8705111C926074009DF088 /* svn__Tests.m in Sources */,
			);
			runOnlyForDeploymentPostprocessing = 0;
		};
		1B8705131C926074009DF088 /* Sources */ = {
			isa = PBXSourcesBuildPhase;
			buildActionMask = 2147483647;
			files = (
				1B87051C1C926074009DF088 /* svn__UITests.m in Sources */,
			);
			runOnlyForDeploymentPostprocessing = 0;
		};
/* End PBXSourcesBuildPhase section */

/* Begin PBXTargetDependency section */
		1B87050E1C926074009DF088 /* PBXTargetDependency */ = {
			isa = PBXTargetDependency;
			target = 1B8704F21C926073009DF088 /* svn测试 */;
			targetProxy = 1B87050D1C926074009DF088 /* PBXContainerItemProxy */;
		};
		1B8705191C926074009DF088 /* PBXTargetDependency */ = {
			isa = PBXTargetDependency;
			target = 1B8704F21C926073009DF088 /* svn测试 */;
			targetProxy = 1B8705181C926074009DF088 /* PBXContainerItemProxy */;
		};
/* End PBXTargetDependency section */

/* Begin PBXVariantGroup section */
		1B8704FF1C926074009DF088 /* Main.storyboard */ = {
			isa = PBXVariantGroup;
			children = (
				1B8705001C926074009DF088 /* Base */,
			);
			name = Main.storyboard;
			sourceTree = "<group>";
		};
		1B8705041C926074009DF088 /* LaunchScreen.storyboard */ = {
			isa = PBXVariantGroup;
			children = (
				1B8705051C926074009DF088 /* Base */,
			);
			name = LaunchScreen.storyboard;
			sourceTree = "<group>";
		};
/* End PBXVariantGroup section */

/* Begin XCBuildConfiguration section */
		1B87051E1C926074009DF088 /* Debug */ = {
			isa = XCBuildConfiguration;
			buildSettings = {
				ALWAYS_SEARCH_USER_PATHS = NO;
				CLANG_CXX_LANGUAGE_STANDARD = "gnu++0x";
				CLANG_CXX_LIBRARY = "libc++";
				CLANG_ENABLE_MODULES = YES;
				CLANG_ENABLE_OBJC_ARC = YES;
				CLANG_WARN_BOOL_CONVERSION = YES;
				CLANG_WARN_CONSTANT_CONVERSION = YES;
				CLANG_WARN_DIRECT_OBJC_ISA_USAGE = YES_ERROR;
				CLANG_WARN_EMPTY_BODY = YES;
				CLANG_WARN_ENUM_CONVERSION = YES;
				CLANG_WARN_INT_CONVERSION = YES;
				CLANG_WARN_OBJC_ROOT_CLASS = YES_ERROR;
				CLANG_WARN_UNREACHABLE_CODE = YES;
				CLANG_WARN__DUPLICATE_METHOD_MATCH = YES;
				"CODE_SIGN_IDENTITY[sdk=iphoneos*]" = "iPhone Developer";
				COPY_PHASE_STRIP = NO;
				DEBUG_INFORMATION_FORMAT = dwarf;
				ENABLE_STRICT_OBJC_MSGSEND = YES;
				ENABLE_TESTABILITY = YES;
				GCC_C_LANGUAGE_STANDARD = gnu99;
				GCC_DYNAMIC_NO_PIC = NO;
				GCC_NO_COMMON_BLOCKS = YES;
				GCC_OPTIMIZATION_LEVEL = 0;
				GCC_PREPROCESSOR_DEFINITIONS = (
					"DEBUG=1",
					"$(inherited)",
				);
				GCC_WARN_64_TO_32_BIT_CONVERSION = YES;
				GCC_WARN_ABOUT_RETURN_TYPE = YES_ERROR;
				GCC_WARN_UNDECLARED_SELECTOR = YES;
				GCC_WARN_UNINITIALIZED_AUTOS = YES_AGGRESSIVE;
				GCC_WARN_UNUSED_FUNCTION = YES;
				GCC_WARN_UNUSED_VARIABLE = YES;
				IPHONEOS_DEPLOYMENT_TARGET = 9.0;
				MTL_ENABLE_DEBUG_INFO = YES;
				ONLY_ACTIVE_ARCH = YES;
				SDKROOT = iphoneos;
			};
			name = Debug;
		};
		1B87051F1C926074009DF088 /* Release */ = {
			isa = XCBuildConfiguration;
			buildSettings = {
				ALWAYS_SEARCH_USER_PATHS = NO;
				CLANG_CXX_LANGUAGE_STANDARD = "gnu++0x";
				CLANG_CXX_LIBRARY = "libc++";
				CLANG_ENABLE_MODULES = YES;
				CLANG_ENABLE_OBJC_ARC = YES;
				CLANG_WARN_BOOL_CONVERSION = YES;
				CLANG_WARN_CONSTANT_CONVERSION = YES;
				CLANG_WARN_DIRECT_OBJC_ISA_USAGE = YES_ERROR;
				CLANG_WARN_EMPTY_BODY = YES;
				CLANG_WARN_ENUM_CONVERSION = YES;
				CLANG_WARN_INT_CONVERSION = YES;
				CLANG_WARN_OBJC_ROOT_CLASS = YES_ERROR;
				CLANG_WARN_UNREACHABLE_CODE = YES;
				CLANG_WARN__DUPLICATE_METHOD_MATCH = YES;
				"CODE_SIGN_IDENTITY[sdk=iphoneos*]" = "iPhone Developer";
				COPY_PHASE_STRIP = NO;
				DEBUG_INFORMATION_FORMAT = "dwarf-with-dsym";
				ENABLE_NS_ASSERTIONS = NO;
				ENABLE_STRICT_OBJC_MSGSEND = YES;
				GCC_C_LANGUAGE_STANDARD = gnu99;
				GCC_NO_COMMON_BLOCKS = YES;
				GCC_WARN_64_TO_32_BIT_CONVERSION = YES;
				GCC_WARN_ABOUT_RETURN_TYPE = YES_ERROR;
				GCC_WARN_UNDECLARED_SELECTOR = YES;
				GCC_WARN_UNINITIALIZED_AUTOS = YES_AGGRESSIVE;
				GCC_WARN_UNUSED_FUNCTION = YES;
				GCC_WARN_UNUSED_VARIABLE = YES;
				IPHONEOS_DEPLOYMENT_TARGET = 9.0;
				MTL_ENABLE_DEBUG_INFO = NO;
				SDKROOT = iphoneos;
				VALIDATE_PRODUCT = YES;
			};
			name = Release;
		};
		1B8705211C926074009DF088 /* Debug */ = {
			isa = XCBuildConfiguration;
			buildSettings = {
				ASSETCATALOG_COMPILER_APPICON_NAME = AppIcon;
				INFOPLIST_FILE = "svn测试/Info.plist";
				LD_RUNPATH_SEARCH_PATHS = "$(inherited) @executable_path/Frameworks";
				PRODUCT_BUNDLE_IDENTIFIER = "cn.qianfeng.svn--";
				PRODUCT_NAME = "$(TARGET_NAME)";
			};
			name = Debug;
		};
		1B8705221C926074009DF088 /* Release */ = {
			isa = XCBuildConfiguration;
			buildSettings = {
				ASSETCATALOG_COMPILER_APPICON_NAME = AppIcon;
				INFOPLIST_FILE = "svn测试/Info.plist";
				LD_RUNPATH_SEARCH_PATHS = "$(inherited) @executable_path/Frameworks";
				PRODUCT_BUNDLE_IDENTIFIER = "cn.qianfeng.svn--";
				PRODUCT_NAME = "$(TARGET_NAME)";
			};
			name = Release;
		};
		1B8705241C926074009DF088 /* Debug */ = {
			isa = XCBuildConfiguration;
			buildSettings = {
				BUNDLE_LOADER = "$(TEST_HOST)";
				INFOPLIST_FILE = "svn测试Tests/Info.plist";
				LD_RUNPATH_SEARCH_PATHS = "$(inherited) @executable_path/Frameworks @loader_path/Frameworks";
				PRODUCT_BUNDLE_IDENTIFIER = "cn.qianfeng.svn--Tests";
				PRODUCT_NAME = "$(TARGET_NAME)";
				TEST_HOST = "$(BUILT_PRODUCTS_DIR)/svn测试.app/svn测试";
			};
			name = Debug;
		};
		1B8705251C926074009DF088 /* Release */ = {
			isa = XCBuildConfiguration;
			buildSettings = {
				BUNDLE_LOADER = "$(TEST_HOST)";
				INFOPLIST_FILE = "svn测试Tests/Info.plist";
				LD_RUNPATH_SEARCH_PATHS = "$(inherited) @executable_path/Frameworks @loader_path/Frameworks";
				PRODUCT_BUNDLE_IDENTIFIER = "cn.qianfeng.svn--Tests";
				PRODUCT_NAME = "$(TARGET_NAME)";
				TEST_HOST = "$(BUILT_PRODUCTS_DIR)/svn测试.app/svn测试";
			};
			name = Release;
		};
		1B8705271C926074009DF088 /* Debug */ = {
			isa = XCBuildConfiguration;
			buildSettings = {
				INFOPLIST_FILE = "svn测试UITests/Info.plist";
				LD_RUNPATH_SEARCH_PATHS = "$(inherited) @executable_path/Frameworks @loader_path/Frameworks";
				PRODUCT_BUNDLE_IDENTIFIER = "cn.qianfeng.svn--UITests";
				PRODUCT_NAME = "$(TARGET_NAME)";
				TEST_TARGET_NAME = "svn测试";
				USES_XCTRUNNER = YES;
			};
			name = Debug;
		};
		1B8705281C926074009DF088 /* Release */ = {
			isa = XCBuildConfiguration;
			buildSettings = {
				INFOPLIST_FILE = "svn测试UITests/Info.plist";
				LD_RUNPATH_SEARCH_PATHS = "$(inherited) @executable_path/Frameworks @loader_path/Frameworks";
				PRODUCT_BUNDLE_IDENTIFIER = "cn.qianfeng.svn--UITests";
				PRODUCT_NAME = "$(TARGET_NAME)";
				TEST_TARGET_NAME = "svn测试";
				USES_XCTRUNNER = YES;
			};
			name = Release;
		};
/* End XCBuildConfiguration section */

/* Begin XCConfigurationList section */
		1B8704EE1C926073009DF088 /* Build configuration list for PBXProject "svn测试" */ = {
			isa = XCConfigurationList;
			buildConfigurations = (
				1B87051E1C926074009DF088 /* Debug */,
				1B87051F1C926074009DF088 /* Release */,
			);
			defaultConfigurationIsVisible = 0;
			defaultConfigurationName = Release;
		};
		1B8705201C926074009DF088 /* Build configuration list for PBXNativeTarget "svn测试" */ = {
			isa = XCConfigurationList;
			buildConfigurations = (
				1B8705211C926074009DF088 /* Debug */,
				1B8705221C926074009DF088 /* Release */,
			);
			defaultConfigurationIsVisible = 0;
		};
		1B8705231C926074009DF088 /* Build configuration list for PBXNativeTarget "svn测试Tests" */ = {
			isa = XCConfigurationList;
			buildConfigurations = (
				1B8705241C926074009DF088 /* Debug */,
				1B8705251C926074009DF088 /* Release */,
			);
			defaultConfigurationIsVisible = 0;
		};
		1B8705261C926074009DF088 /* Build configuration list for PBXNativeTarget "svn测试UITests" */ = {
			isa = XCConfigurationList;
			buildConfigurations = (
				1B8705271C926074009DF088 /* Debug */,
				1B8705281C926074009DF088 /* Release */,
			);
			defaultConfigurationIsVisible = 0;
		};
/* End XCConfigurationList section */
	};
	rootObject = 1B8704EB1C926073009DF088 /* Project object */;
}
